
Microsoft Visual Studio Solution File, Format Version 12.00
# Visual Studio 14
VisualStudioVersion = 14.0.25420.1
MinimumVisualStudioVersion = 10.0.40219.1
Project("{A0786B88-2ADB-4C21-ABE8-AA2D79766269}") = "proiect-boemii", "..\..\Poli\proiect-boemii\proiect-boemii\proiect-boemii.phpproj", "{3440E514-98D6-441F-9432-D4665A5569BF}"
EndProject
Global
	GlobalSection(SolutionConfigurationPlatforms) = preSolution
		Debug|Any CPU = Debug|Any CPU
		Release|Any CPU = Release|Any CPU
	EndGlobalSection
	GlobalSection(ProjectConfigurationPlatforms) = postSolution
		{3440E514-98D6-441F-9432-D4665A5569BF}.Debug|Any CPU.ActiveCfg = Debug|Any CPU
		{3440E514-98D6-441F-9432-D4665A5569BF}.Release|Any CPU.ActiveCfg = Release|Any CPU
	EndGlobalSection
	GlobalSection(SolutionProperties) = preSolution
		HideSolutionNode = FALSE
	EndGlobalSection
EndGlobal
